
Microsoft Visual Studio Solution File, Format Version 12.00
# Visual Studio Version 16
VisualStudioVersion = 16.0.32901.82
MinimumVisualStudioVersion = 10.0.40219.1
Project("{FAE04EC0-301F-11D3-BF4B-00C04F79EFBC}") = "RSAEncriptacionService", "RSAEncriptacionService\RSAEncriptacionService.csproj", "{183126EA-0DA2-4ADA-9CC2-98AD10300CF0}"
EndProject
Global
	GlobalSection(SolutionConfigurationPlatforms) = preSolution
		Debug|Any CPU = Debug|Any CPU
		Release|Any CPU = Release|Any CPU
	EndGlobalSection
	GlobalSection(ProjectConfigurationPlatforms) = postSolution
		{183126EA-0DA2-4ADA-9CC2-98AD10300CF0}.Debug|Any CPU.ActiveCfg = Debug|Any CPU
		{183126EA-0DA2-4ADA-9CC2-98AD10300CF0}.Debug|Any CPU.Build.0 = Debug|Any CPU
		{183126EA-0DA2-4ADA-9CC2-98AD10300CF0}.Release|Any CPU.ActiveCfg = Release|Any CPU
		{183126EA-0DA2-4ADA-9CC2-98AD10300CF0}.Release|Any CPU.Build.0 = Release|Any CPU
	EndGlobalSection
	GlobalSection(SolutionProperties) = preSolution
		HideSolutionNode = FALSE
	EndGlobalSection
	GlobalSection(ExtensibilityGlobals) = postSolution
		SolutionGuid = {61925667-2514-4591-B3F8-32691D9F12F0}
	EndGlobalSection
EndGlobal
